
Microsoft Visual Studio Solution File, Format Version 12.00
# Visual Studio Version 17
VisualStudioVersion = 17.6.33829.357
MinimumVisualStudioVersion = 10.0.40219.1
Project("{FAE04EC0-301F-11D3-BF4B-00C04F79EFBC}") = "ExamenNetCoreMacarena", "ExamenNetCoreMacarena\ExamenNetCoreMacarena.csproj", "{629FC60A-C8E1-4584-B1E4-1F1F34755DE1}"
EndProject
Global
	GlobalSection(SolutionConfigurationPlatforms) = preSolution
		Debug|Any CPU = Debug|Any CPU
		Release|Any CPU = Release|Any CPU
	EndGlobalSection
	GlobalSection(ProjectConfigurationPlatforms) = postSolution
		{629FC60A-C8E1-4584-B1E4-1F1F34755DE1}.Debug|Any CPU.ActiveCfg = Debug|Any CPU
		{629FC60A-C8E1-4584-B1E4-1F1F34755DE1}.Debug|Any CPU.Build.0 = Debug|Any CPU
		{629FC60A-C8E1-4584-B1E4-1F1F34755DE1}.Release|Any CPU.ActiveCfg = Release|Any CPU
		{629FC60A-C8E1-4584-B1E4-1F1F34755DE1}.Release|Any CPU.Build.0 = Release|Any CPU
	EndGlobalSection
	GlobalSection(SolutionProperties) = preSolution
		HideSolutionNode = FALSE
	EndGlobalSection
	GlobalSection(ExtensibilityGlobals) = postSolution
		SolutionGuid = {AD5E2072-90FD-45E7-8CEB-85AD6CCA6DCB}
	EndGlobalSection
EndGlobal
